
Microsoft Visual Studio Solution File, Format Version 12.00
# Visual Studio 15
VisualStudioVersion = 15.0.28307.168
MinimumVisualStudioVersion = 10.0.40219.1
Project("{FAE04EC0-301F-11D3-BF4B-00C04F79EFBC}") = "Test", "Test\Test.csproj", "{B7440229-0B65-4ED0-8CC4-0AC47ABBA042}"
EndProject
Project("{FAE04EC0-301F-11D3-BF4B-00C04F79EFBC}") = "Cli", "Cli\Cli.csproj", "{30D1AA71-8774-480A-9F19-D83814423B9D}"
EndProject
Project("{9A19103F-16F7-4668-BE54-9A1E7A4F7556}") = "ContainerFS", "ContainerFS\ContainerFS.csproj", "{1E8023F2-27FA-4FDF-A124-AB5624087C14}"
EndProject
Global
	GlobalSection(SolutionConfigurationPlatforms) = preSolution
		Debug|Any CPU = Debug|Any CPU
		Release|Any CPU = Release|Any CPU
	EndGlobalSection
	GlobalSection(ProjectConfigurationPlatforms) = postSolution
		{B7440229-0B65-4ED0-8CC4-0AC47ABBA042}.Debug|Any CPU.ActiveCfg = Debug|Any CPU
		{B7440229-0B65-4ED0-8CC4-0AC47ABBA042}.Debug|Any CPU.Build.0 = Debug|Any CPU
		{B7440229-0B65-4ED0-8CC4-0AC47ABBA042}.Release|Any CPU.ActiveCfg = Release|Any CPU
		{B7440229-0B65-4ED0-8CC4-0AC47ABBA042}.Release|Any CPU.Build.0 = Release|Any CPU
		{30D1AA71-8774-480A-9F19-D83814423B9D}.Debug|Any CPU.ActiveCfg = Debug|Any CPU
		{30D1AA71-8774-480A-9F19-D83814423B9D}.Debug|Any CPU.Build.0 = Debug|Any CPU
		{30D1AA71-8774-480A-9F19-D83814423B9D}.Release|Any CPU.ActiveCfg = Release|Any CPU
		{30D1AA71-8774-480A-9F19-D83814423B9D}.Release|Any CPU.Build.0 = Release|Any CPU
		{1E8023F2-27FA-4FDF-A124-AB5624087C14}.Debug|Any CPU.ActiveCfg = Debug|Any CPU
		{1E8023F2-27FA-4FDF-A124-AB5624087C14}.Debug|Any CPU.Build.0 = Debug|Any CPU
		{1E8023F2-27FA-4FDF-A124-AB5624087C14}.Release|Any CPU.ActiveCfg = Release|Any CPU
		{1E8023F2-27FA-4FDF-A124-AB5624087C14}.Release|Any CPU.Build.0 = Release|Any CPU
		{6C170BB8-BA50-49DB-A5F7-47B865DE6269}.Debug|Any CPU.ActiveCfg = Debug|Any CPU
		{6C170BB8-BA50-49DB-A5F7-47B865DE6269}.Debug|Any CPU.Build.0 = Debug|Any CPU
		{6C170BB8-BA50-49DB-A5F7-47B865DE6269}.Release|Any CPU.ActiveCfg = Release|Any CPU
		{6C170BB8-BA50-49DB-A5F7-47B865DE6269}.Release|Any CPU.Build.0 = Release|Any CPU
		{0DBFE8C9-0043-4D3B-BED1-8E637BA91E05}.Debug|Any CPU.ActiveCfg = Debug|Any CPU
		{0DBFE8C9-0043-4D3B-BED1-8E637BA91E05}.Debug|Any CPU.Build.0 = Debug|Any CPU
		{0DBFE8C9-0043-4D3B-BED1-8E637BA91E05}.Release|Any CPU.ActiveCfg = Release|Any CPU
		{0DBFE8C9-0043-4D3B-BED1-8E637BA91E05}.Release|Any CPU.Build.0 = Release|Any CPU
	EndGlobalSection
	GlobalSection(SolutionProperties) = preSolution
		HideSolutionNode = FALSE
	EndGlobalSection
	GlobalSection(ExtensibilityGlobals) = postSolution
		SolutionGuid = {E3ECA159-ADD1-438A-AB2D-D4ECC44AC31D}
	EndGlobalSection
EndGlobal
